
Microsoft Visual Studio Solution File, Format Version 12.00
# Visual Studio 14
VisualStudioVersion = 14.0.24720.0
MinimumVisualStudioVersion = 10.0.40219.1
Project("{FAE04EC0-301F-11D3-BF4B-00C04F79EFBC}") = "DemoDirectives", "DemoDirectives\DemoDirectives.csproj", "{E38310D2-EEED-440B-8B3D-D38E9F3BE2F6}"
EndProject
Global
	GlobalSection(SolutionConfigurationPlatforms) = preSolution
		Debug|Any CPU = Debug|Any CPU
		Release|Any CPU = Release|Any CPU
	EndGlobalSection
	GlobalSection(ProjectConfigurationPlatforms) = postSolution
		{E38310D2-EEED-440B-8B3D-D38E9F3BE2F6}.Debug|Any CPU.ActiveCfg = Debug|Any CPU
		{E38310D2-EEED-440B-8B3D-D38E9F3BE2F6}.Debug|Any CPU.Build.0 = Debug|Any CPU
		{E38310D2-EEED-440B-8B3D-D38E9F3BE2F6}.Release|Any CPU.ActiveCfg = Release|Any CPU
		{E38310D2-EEED-440B-8B3D-D38E9F3BE2F6}.Release|Any CPU.Build.0 = Release|Any CPU
	EndGlobalSection
	GlobalSection(SolutionProperties) = preSolution
		HideSolutionNode = FALSE
	EndGlobalSection
EndGlobal
